
Microsoft Visual Studio Solution File, Format Version 12.00
# Visual Studio Version 17
VisualStudioVersion = 17.11.35431.28
MinimumVisualStudioVersion = 10.0.40219.1
Project("{9A19103F-16F7-4668-BE54-9A1E7A4F7556}") = "Stealer", "Stealer\Stealer.csproj", "{117F9B19-4453-47AA-9F14-DB9C9DB3799F}"
EndProject
Project("{2150E333-8FDC-42A3-9474-1A3956D46DE8}") = "Reflection", "Reflection", "{1DC35996-6614-49C2-8EBC-BC7C4F851F56}"
EndProject
Project("{FAE04EC0-301F-11D3-BF4B-00C04F79EFBC}") = "AuthorProblem", "AuthorProblem\AuthorProblem.csproj", "{187C3D5A-F916-4EA0-8405-6562554AECF8}"
EndProject
Project("{FAE04EC0-301F-11D3-BF4B-00C04F79EFBC}") = "TestProblem", "TestProblem\TestProblem.csproj", "{471EE8DA-3376-4739-931A-3610BC3690D2}"
EndProject
Global
	GlobalSection(SolutionConfigurationPlatforms) = preSolution
		Debug|Any CPU = Debug|Any CPU
		Release|Any CPU = Release|Any CPU
	EndGlobalSection
	GlobalSection(ProjectConfigurationPlatforms) = postSolution
		{117F9B19-4453-47AA-9F14-DB9C9DB3799F}.Debug|Any CPU.ActiveCfg = Debug|Any CPU
		{117F9B19-4453-47AA-9F14-DB9C9DB3799F}.Debug|Any CPU.Build.0 = Debug|Any CPU
		{117F9B19-4453-47AA-9F14-DB9C9DB3799F}.Release|Any CPU.ActiveCfg = Release|Any CPU
		{117F9B19-4453-47AA-9F14-DB9C9DB3799F}.Release|Any CPU.Build.0 = Release|Any CPU
		{187C3D5A-F916-4EA0-8405-6562554AECF8}.Debug|Any CPU.ActiveCfg = Debug|Any CPU
		{187C3D5A-F916-4EA0-8405-6562554AECF8}.Debug|Any CPU.Build.0 = Debug|Any CPU
		{187C3D5A-F916-4EA0-8405-6562554AECF8}.Release|Any CPU.ActiveCfg = Release|Any CPU
		{187C3D5A-F916-4EA0-8405-6562554AECF8}.Release|Any CPU.Build.0 = Release|Any CPU
		{471EE8DA-3376-4739-931A-3610BC3690D2}.Debug|Any CPU.ActiveCfg = Debug|Any CPU
		{471EE8DA-3376-4739-931A-3610BC3690D2}.Debug|Any CPU.Build.0 = Debug|Any CPU
		{471EE8DA-3376-4739-931A-3610BC3690D2}.Release|Any CPU.ActiveCfg = Release|Any CPU
		{471EE8DA-3376-4739-931A-3610BC3690D2}.Release|Any CPU.Build.0 = Release|Any CPU
	EndGlobalSection
	GlobalSection(SolutionProperties) = preSolution
		HideSolutionNode = FALSE
	EndGlobalSection
	GlobalSection(NestedProjects) = preSolution
		{117F9B19-4453-47AA-9F14-DB9C9DB3799F} = {1DC35996-6614-49C2-8EBC-BC7C4F851F56}
		{187C3D5A-F916-4EA0-8405-6562554AECF8} = {1DC35996-6614-49C2-8EBC-BC7C4F851F56}
		{471EE8DA-3376-4739-931A-3610BC3690D2} = {1DC35996-6614-49C2-8EBC-BC7C4F851F56}
	EndGlobalSection
	GlobalSection(ExtensibilityGlobals) = postSolution
		SolutionGuid = {0A8C8AB2-C2BE-4BD0-8138-DBB1B6743075}
	EndGlobalSection
EndGlobal
