
Microsoft Visual Studio Solution File, Format Version 12.00
# Visual Studio Version 17
VisualStudioVersion = 17.11.35431.28
MinimumVisualStudioVersion = 10.0.40219.1
Project("{9A19103F-16F7-4668-BE54-9A1E7A4F7556}") = "Vector", "Vector\Vector.csproj", "{4931ACB2-1F6A-4C85-A860-1CDE8FFD1F00}"
EndProject
Project("{9A19103F-16F7-4668-BE54-9A1E7A4F7556}") = "FindAllPathsInALabyrinth", "FindAllPathsInALabyrinth\FindAllPathsInALabyrinth.csproj", "{09739F98-E78F-4F2E-9AF9-D4D908CE56DB}"
EndProject
Project("{FAE04EC0-301F-11D3-BF4B-00C04F79EFBC}") = "QueensPuzzle", "QueensPuzzle\QueensPuzzle.csproj", "{8752B0EC-65E7-4A1A-B719-4C3ACF40B92A}"
EndProject
Global
	GlobalSection(SolutionConfigurationPlatforms) = preSolution
		Debug|Any CPU = Debug|Any CPU
		Release|Any CPU = Release|Any CPU
	EndGlobalSection
	GlobalSection(ProjectConfigurationPlatforms) = postSolution
		{4931ACB2-1F6A-4C85-A860-1CDE8FFD1F00}.Debug|Any CPU.ActiveCfg = Debug|Any CPU
		{4931ACB2-1F6A-4C85-A860-1CDE8FFD1F00}.Debug|Any CPU.Build.0 = Debug|Any CPU
		{4931ACB2-1F6A-4C85-A860-1CDE8FFD1F00}.Release|Any CPU.ActiveCfg = Release|Any CPU
		{4931ACB2-1F6A-4C85-A860-1CDE8FFD1F00}.Release|Any CPU.Build.0 = Release|Any CPU
		{09739F98-E78F-4F2E-9AF9-D4D908CE56DB}.Debug|Any CPU.ActiveCfg = Debug|Any CPU
		{09739F98-E78F-4F2E-9AF9-D4D908CE56DB}.Debug|Any CPU.Build.0 = Debug|Any CPU
		{09739F98-E78F-4F2E-9AF9-D4D908CE56DB}.Release|Any CPU.ActiveCfg = Release|Any CPU
		{09739F98-E78F-4F2E-9AF9-D4D908CE56DB}.Release|Any CPU.Build.0 = Release|Any CPU
		{8752B0EC-65E7-4A1A-B719-4C3ACF40B92A}.Debug|Any CPU.ActiveCfg = Debug|Any CPU
		{8752B0EC-65E7-4A1A-B719-4C3ACF40B92A}.Debug|Any CPU.Build.0 = Debug|Any CPU
		{8752B0EC-65E7-4A1A-B719-4C3ACF40B92A}.Release|Any CPU.ActiveCfg = Release|Any CPU
		{8752B0EC-65E7-4A1A-B719-4C3ACF40B92A}.Release|Any CPU.Build.0 = Release|Any CPU
	EndGlobalSection
	GlobalSection(SolutionProperties) = preSolution
		HideSolutionNode = FALSE
	EndGlobalSection
	GlobalSection(ExtensibilityGlobals) = postSolution
		SolutionGuid = {257C5334-925F-4AED-9C6C-B739D29BC40C}
	EndGlobalSection
EndGlobal
